PODS:
  - SegueCoordinator (0.1.0)

DEPENDENCIES:
  - SegueCoordinator (from `https://github.com/npu3pak/ios-lib-segue-coordinator.git`)

EXTERNAL SOURCES:
  SegueCoordinator:
    :git: https://github.com/npu3pak/ios-lib-segue-coordinator.git

CHECKOUT OPTIONS:
  SegueCoordinator:
    :commit: cf708d54d5c4c57dac5457a0a5fc56b0f1f24aff
    :git: https://github.com/npu3pak/ios-lib-segue-coordinator.git

SPEC CHECKSUMS:
  SegueCoordinator: dacd7e32372844154e1cde9e94c33aff4a4b984d

PODFILE CHECKSUM: 13b9de11101cfec61d28c566fb127a2b0f73bf5e

COCOAPODS: 1.2.1
