// !$*UTF8*$!
{
	archiveVersion = 1;
	classes = {
	};
	objectVersion = 46;
	objects = {

/* Begin PBXBuildFile section */
		4097B0DF1EC18B3B002A180D /* AppDelegate.swift in Sources */ = {isa = PBXBuildFile; fileRef = 4097B0DE1EC18B3B002A180D /* AppDelegate.swift */; };
		4097B0E41EC18B3B002A180D /* News.storyboard in Resources */ = {isa = PBXBuildFile; fileRef = 4097B0E21EC18B3B002A180D /* News.storyboard */; };
		4097B0E61EC18B3B002A180D /* Assets.xcassets in Resources */ = {isa = PBXBuildFile; fileRef = 4097B0E51EC18B3B002A180D /* Assets.xcassets */; };
		4097B0E91EC18B3B002A180D /* LaunchScreen.storyboard in Resources */ = {isa = PBXBuildFile; fileRef = 4097B0E71EC18B3B002A180D /* LaunchScreen.storyboard */; };
		409E0EAC1EC1D1D90002B4DB /* Model.swift in Sources */ = {isa = PBXBuildFile; fileRef = 409E0EAB1EC1D1D90002B4DB /* Model.swift */; };
		409E0EAE1EC1D2120002B4DB /* NewsModel.swift in Sources */ = {isa = PBXBuildFile; fileRef = 409E0EAD1EC1D2120002B4DB /* NewsModel.swift */; };
		409E0EB01EC1D2470002B4DB /* NewsFacade.swift in Sources */ = {isa = PBXBuildFile; fileRef = 409E0EAF1EC1D2470002B4DB /* NewsFacade.swift */; };
		409E0EB31EC1D28F0002B4DB /* NewsItem.swift in Sources */ = {isa = PBXBuildFile; fileRef = 409E0EB21EC1D28F0002B4DB /* NewsItem.swift */; };
		409E0EB71EC1D6C70002B4DB /* NewsController.swift in Sources */ = {isa = PBXBuildFile; fileRef = 409E0EB61EC1D6C70002B4DB /* NewsController.swift */; };
		409E0EB91EC1D7470002B4DB /* NewsCell.swift in Sources */ = {isa = PBXBuildFile; fileRef = 409E0EB81EC1D7470002B4DB /* NewsCell.swift */; };
		409E0EBC1EC1DB860002B4DB /* NewsDetailsController.swift in Sources */ = {isa = PBXBuildFile; fileRef = 409E0EBB1EC1DB860002B4DB /* NewsDetailsController.swift */; };
		409E0EBE1EC1DBCF0002B4DB /* NewsDetailsFacade.swift in Sources */ = {isa = PBXBuildFile; fileRef = 409E0EBD1EC1DBCF0002B4DB /* NewsDetailsFacade.swift */; };
		409E0EC01EC1E36E0002B4DB /* Main.storyboard in Resources */ = {isa = PBXBuildFile; fileRef = 409E0EBF1EC1E36E0002B4DB /* Main.storyboard */; };
		409E0EC31EC1EF3E0002B4DB /* NetworkError.swift in Sources */ = {isa = PBXBuildFile; fileRef = 409E0EC21EC1EF3E0002B4DB /* NetworkError.swift */; };
/* End PBXBuildFile section */

/* Begin PBXFileReference section */
		4097B0DB1EC18B3B002A180D /* MasterDetailsPrototype.app */ = {isa = PBXFileReference; explicitFileType = wrapper.application; includeInIndex = 0; path = MasterDetailsPrototype.app; sourceTree = BUILT_PRODUCTS_DIR; };
		4097B0DE1EC18B3B002A180D /* AppDelegate.swift */ = {isa = PBXFileReference; lastKnownFileType = sourcecode.swift; path = AppDelegate.swift; sourceTree = "<group>"; };
		4097B0E31EC18B3B002A180D /* Base */ = {isa = PBXFileReference; lastKnownFileType = file.storyboard; name = Base; path = Base.lproj/News.storyboard; sourceTree = "<group>"; };
		4097B0E51EC18B3B002A180D /* Assets.xcassets */ = {isa = PBXFileReference; lastKnownFileType = folder.assetcatalog; path = Assets.xcassets; sourceTree = "<group>"; };
		4097B0E81EC18B3B002A180D /* Base */ = {isa = PBXFileReference; lastKnownFileType = file.storyboard; name = Base; path = Base.lproj/LaunchScreen.storyboard; sourceTree = "<group>"; };
		4097B0EA1EC18B3B002A180D /* Info.plist */ = {isa = PBXFileReference; lastKnownFileType = text.plist.xml; path = Info.plist; sourceTree = "<group>"; };
		409E0EAB1EC1D1D90002B4DB /* Model.swift */ = {isa = PBXFileReference; fileEncoding = 4; lastKnownFileType = sourcecode.swift; path = Model.swift; sourceTree = "<group>"; };
		409E0EAD1EC1D2120002B4DB /* NewsModel.swift */ = {isa = PBXFileReference; fileEncoding = 4; lastKnownFileType = sourcecode.swift; path = NewsModel.swift; sourceTree = "<group>"; };
		409E0EAF1EC1D2470002B4DB /* NewsFacade.swift */ = {isa = PBXFileReference; fileEncoding = 4; lastKnownFileType = sourcecode.swift; path = NewsFacade.swift; sourceTree = "<group>"; };
		409E0EB21EC1D28F0002B4DB /* NewsItem.swift */ = {isa = PBXFileReference; fileEncoding = 4; lastKnownFileType = sourcecode.swift; path = NewsItem.swift; sourceTree = "<group>"; };
		409E0EB61EC1D6C70002B4DB /* NewsController.swift */ = {isa = PBXFileReference; fileEncoding = 4; lastKnownFileType = sourcecode.swift; path = NewsController.swift; sourceTree = "<group>"; };
		409E0EB81EC1D7470002B4DB /* NewsCell.swift */ = {isa = PBXFileReference; fileEncoding = 4; lastKnownFileType = sourcecode.swift; path = NewsCell.swift; sourceTree = "<group>"; };
		409E0EBB1EC1DB860002B4DB /* NewsDetailsController.swift */ = {isa = PBXFileReference; fileEncoding = 4; lastKnownFileType = sourcecode.swift; path = NewsDetailsController.swift; sourceTree = "<group>"; };
		409E0EBD1EC1DBCF0002B4DB /* NewsDetailsFacade.swift */ = {isa = PBXFileReference; fileEncoding = 4; lastKnownFileType = sourcecode.swift; path = NewsDetailsFacade.swift; sourceTree = "<group>"; };
		409E0EBF1EC1E36E0002B4DB /* Main.storyboard */ = {isa = PBXFileReference; fileEncoding = 4; lastKnownFileType = file.storyboard; path = Main.storyboard; sourceTree = "<group>"; };
		409E0EC21EC1EF3E0002B4DB /* NetworkError.swift */ = {isa = PBXFileReference; fileEncoding = 4; lastKnownFileType = sourcecode.swift; path = NetworkError.swift; sourceTree = "<group>"; };
/* End PBXFileReference section */

/* Begin PBXFrameworksBuildPhase section */
		4097B0D81EC18B3B002A180D /* Frameworks */ = {
			isa = PBXFrameworksBuildPhase;
			buildActionMask = 2147483647;
			files = (
			);
			runOnlyForDeploymentPostprocessing = 0;
		};
/* End PBXFrameworksBuildPhase section */

/* Begin PBXGroup section */
		4097B0D21EC18B3B002A180D = {
			isa = PBXGroup;
			children = (
				4097B0DD1EC18B3B002A180D /* MasterDetailsPrototype */,
				4097B0DC1EC18B3B002A180D /* Products */,
			);
			sourceTree = "<group>";
		};
		4097B0DC1EC18B3B002A180D /* Products */ = {
			isa = PBXGroup;
			children = (
				4097B0DB1EC18B3B002A180D /* MasterDetailsPrototype.app */,
			);
			name = Products;
			sourceTree = "<group>";
		};
		4097B0DD1EC18B3B002A180D /* MasterDetailsPrototype */ = {
			isa = PBXGroup;
			children = (
				409E0EAA1EC1D1CC0002B4DB /* Application */,
				4097B0F11EC18B6E002A180D /* Model */,
				409E0EB41EC1D6960002B4DB /* UI */,
				409E0EC11EC1EF290002B4DB /* Utils */,
				4097B0F01EC18B5C002A180D /* Support */,
			);
			path = MasterDetailsPrototype;
			sourceTree = "<group>";
		};
		4097B0F01EC18B5C002A180D /* Support */ = {
			isa = PBXGroup;
			children = (
				4097B0E51EC18B3B002A180D /* Assets.xcassets */,
				4097B0E71EC18B3B002A180D /* LaunchScreen.storyboard */,
				4097B0EA1EC18B3B002A180D /* Info.plist */,
			);
			name = Support;
			sourceTree = "<group>";
		};
		4097B0F11EC18B6E002A180D /* Model */ = {
			isa = PBXGroup;
			children = (
				409E0EB11EC1D27A0002B4DB /* News */,
				409E0EAB1EC1D1D90002B4DB /* Model.swift */,
			);
			name = Model;
			sourceTree = "<group>";
		};
		409E0EAA1EC1D1CC0002B4DB /* Application */ = {
			isa = PBXGroup;
			children = (
				4097B0DE1EC18B3B002A180D /* AppDelegate.swift */,
			);
			name = Application;
			sourceTree = "<group>";
		};
		409E0EB11EC1D27A0002B4DB /* News */ = {
			isa = PBXGroup;
			children = (
				409E0EB21EC1D28F0002B4DB /* NewsItem.swift */,
				409E0EAD1EC1D2120002B4DB /* NewsModel.swift */,
				409E0EAF1EC1D2470002B4DB /* NewsFacade.swift */,
				409E0EBD1EC1DBCF0002B4DB /* NewsDetailsFacade.swift */,
			);
			name = News;
			sourceTree = "<group>";
		};
		409E0EB41EC1D6960002B4DB /* UI */ = {
			isa = PBXGroup;
			children = (
				409E0EB51EC1D6A60002B4DB /* News */,
				409E0EBF1EC1E36E0002B4DB /* Main.storyboard */,
			);
			name = UI;
			sourceTree = "<group>";
		};
		409E0EB51EC1D6A60002B4DB /* News */ = {
			isa = PBXGroup;
			children = (
				4097B0E21EC18B3B002A180D /* News.storyboard */,
				409E0EB61EC1D6C70002B4DB /* NewsController.swift */,
				409E0EB81EC1D7470002B4DB /* NewsCell.swift */,
				409E0EBB1EC1DB860002B4DB /* NewsDetailsController.swift */,
			);
			name = News;
			sourceTree = "<group>";
		};
		409E0EC11EC1EF290002B4DB /* Utils */ = {
			isa = PBXGroup;
			children = (
				409E0EC21EC1EF3E0002B4DB /* NetworkError.swift */,
			);
			name = Utils;
			sourceTree = "<group>";
		};
/* End PBXGroup section */

/* Begin PBXNativeTarget section */
		4097B0DA1EC18B3B002A180D /* MasterDetailsPrototype */ = {
			isa = PBXNativeTarget;
			buildConfigurationList = 4097B0ED1EC18B3B002A180D /* Build configuration list for PBXNativeTarget "MasterDetailsPrototype" */;
			buildPhases = (
				4097B0D71EC18B3B002A180D /* Sources */,
				4097B0D81EC18B3B002A180D /* Frameworks */,
				4097B0D91EC18B3B002A180D /* Resources */,
			);
			buildRules = (
			);
			dependencies = (
			);
			name = MasterDetailsPrototype;
			productName = MasterDetailsPrototype;
			productReference = 4097B0DB1EC18B3B002A180D /* MasterDetailsPrototype.app */;
			productType = "com.apple.product-type.application";
		};
/* End PBXNativeTarget section */

/* Begin PBXProject section */
		4097B0D31EC18B3B002A180D /* Project object */ = {
			isa = PBXProject;
			attributes = {
				LastSwiftUpdateCheck = 0830;
				LastUpgradeCheck = 0830;
				ORGANIZATIONNAME = "Evgeniy Safronov";
				TargetAttributes = {
					4097B0DA1EC18B3B002A180D = {
						CreatedOnToolsVersion = 8.3.2;
						ProvisioningStyle = Automatic;
					};
				};
			};
			buildConfigurationList = 4097B0D61EC18B3B002A180D /* Build configuration list for PBXProject "MasterDetailsPrototype" */;
			compatibilityVersion = "Xcode 3.2";
			developmentRegion = English;
			hasScannedForEncodings = 0;
			knownRegions = (
				en,
				Base,
			);
			mainGroup = 4097B0D21EC18B3B002A180D;
			productRefGroup = 4097B0DC1EC18B3B002A180D /* Products */;
			projectDirPath = "";
			projectRoot = "";
			targets = (
				4097B0DA1EC18B3B002A180D /* MasterDetailsPrototype */,
			);
		};
/* End PBXProject section */

/* Begin PBXResourcesBuildPhase section */
		4097B0D91EC18B3B002A180D /* Resources */ = {
			isa = PBXResourcesBuildPhase;
			buildActionMask = 2147483647;
			files = (
				4097B0E91EC18B3B002A180D /* LaunchScreen.storyboard in Resources */,
				4097B0E61EC18B3B002A180D /* Assets.xcassets in Resources */,
				4097B0E41EC18B3B002A180D /* News.storyboard in Resources */,
				409E0EC01EC1E36E0002B4DB /* Main.storyboard in Resources */,
			);
			runOnlyForDeploymentPostprocessing = 0;
		};
/* End PBXResourcesBuildPhase section */

/* Begin PBXSourcesBuildPhase section */
		4097B0D71EC18B3B002A180D /* Sources */ = {
			isa = PBXSourcesBuildPhase;
			buildActionMask = 2147483647;
			files = (
				409E0EB31EC1D28F0002B4DB /* NewsItem.swift in Sources */,
				409E0EBE1EC1DBCF0002B4DB /* NewsDetailsFacade.swift in Sources */,
				409E0EAE1EC1D2120002B4DB /* NewsModel.swift in Sources */,
				409E0EB01EC1D2470002B4DB /* NewsFacade.swift in Sources */,
				409E0EB91EC1D7470002B4DB /* NewsCell.swift in Sources */,
				409E0EC31EC1EF3E0002B4DB /* NetworkError.swift in Sources */,
				409E0EB71EC1D6C70002B4DB /* NewsController.swift in Sources */,
				409E0EBC1EC1DB860002B4DB /* NewsDetailsController.swift in Sources */,
				409E0EAC1EC1D1D90002B4DB /* Model.swift in Sources */,
				4097B0DF1EC18B3B002A180D /* AppDelegate.swift in Sources */,
			);
			runOnlyForDeploymentPostprocessing = 0;
		};
/* End PBXSourcesBuildPhase section */

/* Begin PBXVariantGroup section */
		4097B0E21EC18B3B002A180D /* News.storyboard */ = {
			isa = PBXVariantGroup;
			children = (
				4097B0E31EC18B3B002A180D /* Base */,
			);
			name = News.storyboard;
			sourceTree = "<group>";
		};
		4097B0E71EC18B3B002A180D /* LaunchScreen.storyboard */ = {
			isa = PBXVariantGroup;
			children = (
				4097B0E81EC18B3B002A180D /* Base */,
			);
			name = LaunchScreen.storyboard;
			sourceTree = "<group>";
		};
/* End PBXVariantGroup section */

/* Begin XCBuildConfiguration section */
		4097B0EB1EC18B3B002A180D /* Debug */ = {
			isa = XCBuildConfiguration;
			buildSettings = {
				ALWAYS_SEARCH_USER_PATHS = NO;
				CLANG_ANALYZER_NONNULL = YES;
				CLANG_ANALYZER_NUMBER_OBJECT_CONVERSION = YES_AGGRESSIVE;
				CLANG_CXX_LANGUAGE_STANDARD = "gnu++0x";
				CLANG_CXX_LIBRARY = "libc++";
				CLANG_ENABLE_MODULES = YES;
				CLANG_ENABLE_OBJC_ARC = YES;
				CLANG_WARN_BOOL_CONVERSION = YES;
				CLANG_WARN_CONSTANT_CONVERSION = YES;
				CLANG_WARN_DIRECT_OBJC_ISA_USAGE = YES_ERROR;
				CLANG_WARN_DOCUMENTATION_COMMENTS = YES;
				CLANG_WARN_EMPTY_BODY = YES;
				CLANG_WARN_ENUM_CONVERSION = YES;
				CLANG_WARN_INFINITE_RECURSION = YES;
				CLANG_WARN_INT_CONVERSION = YES;
				CLANG_WARN_OBJC_ROOT_CLASS = YES_ERROR;
				CLANG_WARN_SUSPICIOUS_MOVE = YES;
				CLANG_WARN_UNREACHABLE_CODE = YES;
				CLANG_WARN__DUPLICATE_METHOD_MATCH = YES;
				"CODE_SIGN_IDENTITY[sdk=iphoneos*]" = "iPhone Developer";
				COPY_PHASE_STRIP = NO;
				DEBUG_INFORMATION_FORMAT = dwarf;
				ENABLE_STRICT_OBJC_MSGSEND = YES;
				ENABLE_TESTABILITY = YES;
				GCC_C_LANGUAGE_STANDARD = gnu99;
				GCC_DYNAMIC_NO_PIC = NO;
				GCC_NO_COMMON_BLOCKS = YES;
				GCC_OPTIMIZATION_LEVEL = 0;
				GCC_PREPROCESSOR_DEFINITIONS = (
					"DEBUG=1",
					"$(inherited)",
				);
				GCC_WARN_64_TO_32_BIT_CONVERSION = YES;
				GCC_WARN_ABOUT_RETURN_TYPE = YES_ERROR;
				GCC_WARN_UNDECLARED_SELECTOR = YES;
				GCC_WARN_UNINITIALIZED_AUTOS = YES_AGGRESSIVE;
				GCC_WARN_UNUSED_FUNCTION = YES;
				GCC_WARN_UNUSED_VARIABLE = YES;
				IPHONEOS_DEPLOYMENT_TARGET = 10.3;
				MTL_ENABLE_DEBUG_INFO = YES;
				ONLY_ACTIVE_ARCH = YES;
				SDKROOT = iphoneos;
				SWIFT_ACTIVE_COMPILATION_CONDITIONS = DEBUG;
				SWIFT_OPTIMIZATION_LEVEL = "-Onone";
			};
			name = Debug;
		};
		4097B0EC1EC18B3B002A180D /* Release */ = {
			isa = XCBuildConfiguration;
			buildSettings = {
				ALWAYS_SEARCH_USER_PATHS = NO;
				CLANG_ANALYZER_NONNULL = YES;
				CLANG_ANALYZER_NUMBER_OBJECT_CONVERSION = YES_AGGRESSIVE;
				CLANG_CXX_LANGUAGE_STANDARD = "gnu++0x";
				CLANG_CXX_LIBRARY = "libc++";
				CLANG_ENABLE_MODULES = YES;
				CLANG_ENABLE_OBJC_ARC = YES;
				CLANG_WARN_BOOL_CONVERSION = YES;
				CLANG_WARN_CONSTANT_CONVERSION = YES;
				CLANG_WARN_DIRECT_OBJC_ISA_USAGE = YES_ERROR;
				CLANG_WARN_DOCUMENTATION_COMMENTS = YES;
				CLANG_WARN_EMPTY_BODY = YES;
				CLANG_WARN_ENUM_CONVERSION = YES;
				CLANG_WARN_INFINITE_RECURSION = YES;
				CLANG_WARN_INT_CONVERSION = YES;
				CLANG_WARN_OBJC_ROOT_CLASS = YES_ERROR;
				CLANG_WARN_SUSPICIOUS_MOVE = YES;
				CLANG_WARN_UNREACHABLE_CODE = YES;
				CLANG_WARN__DUPLICATE_METHOD_MATCH = YES;
				"CODE_SIGN_IDENTITY[sdk=iphoneos*]" = "iPhone Developer";
				COPY_PHASE_STRIP = NO;
				DEBUG_INFORMATION_FORMAT = "dwarf-with-dsym";
				ENABLE_NS_ASSERTIONS = NO;
				ENABLE_STRICT_OBJC_MSGSEND = YES;
				GCC_C_LANGUAGE_STANDARD = gnu99;
				GCC_NO_COMMON_BLOCKS = YES;
				GCC_WARN_64_TO_32_BIT_CONVERSION = YES;
				GCC_WARN_ABOUT_RETURN_TYPE = YES_ERROR;
				GCC_WARN_UNDECLARED_SELECTOR = YES;
				GCC_WARN_UNINITIALIZED_AUTOS = YES_AGGRESSIVE;
				GCC_WARN_UNUSED_FUNCTION = YES;
				GCC_WARN_UNUSED_VARIABLE = YES;
				IPHONEOS_DEPLOYMENT_TARGET = 10.3;
				MTL_ENABLE_DEBUG_INFO = NO;
				SDKROOT = iphoneos;
				SWIFT_OPTIMIZATION_LEVEL = "-Owholemodule";
				VALIDATE_PRODUCT = YES;
			};
			name = Release;
		};
		4097B0EE1EC18B3B002A180D /* Debug */ = {
			isa = XCBuildConfiguration;
			buildSettings = {
				ASSETCATALOG_COMPILER_APPICON_NAME = AppIcon;
				INFOPLIST_FILE = MasterDetailsPrototype/Info.plist;
				LD_RUNPATH_SEARCH_PATHS = "$(inherited) @executable_path/Frameworks";
				PRODUCT_BUNDLE_IDENTIFIER = test.MasterDetailsPrototype;
				PRODUCT_NAME = "$(TARGET_NAME)";
				SWIFT_VERSION = 3.0;
			};
			name = Debug;
		};
		4097B0EF1EC18B3B002A180D /* Release */ = {
			isa = XCBuildConfiguration;
			buildSettings = {
				ASSETCATALOG_COMPILER_APPICON_NAME = AppIcon;
				INFOPLIST_FILE = MasterDetailsPrototype/Info.plist;
				LD_RUNPATH_SEARCH_PATHS = "$(inherited) @executable_path/Frameworks";
				PRODUCT_BUNDLE_IDENTIFIER = test.MasterDetailsPrototype;
				PRODUCT_NAME = "$(TARGET_NAME)";
				SWIFT_VERSION = 3.0;
			};
			name = Release;
		};
/* End XCBuildConfiguration section */

/* Begin XCConfigurationList section */
		4097B0D61EC18B3B002A180D /* Build configuration list for PBXProject "MasterDetailsPrototype" */ = {
			isa = XCConfigurationList;
			buildConfigurations = (
				4097B0EB1EC18B3B002A180D /* Debug */,
				4097B0EC1EC18B3B002A180D /* Release */,
			);
			defaultConfigurationIsVisible = 0;
			defaultConfigurationName = Release;
		};
		4097B0ED1EC18B3B002A180D /* Build configuration list for PBXNativeTarget "MasterDetailsPrototype" */ = {
			isa = XCConfigurationList;
			buildConfigurations = (
				4097B0EE1EC18B3B002A180D /* Debug */,
				4097B0EF1EC18B3B002A180D /* Release */,
			);
			defaultConfigurationIsVisible = 0;
			defaultConfigurationName = Release;
		};
/* End XCConfigurationList section */
	};
	rootObject = 4097B0D31EC18B3B002A180D /* Project object */;
}
